PODS:
  - ABC (0.1.7.Binary):
    - ABC/Binary (= 0.1.7.Binary)
  - ABC/Binary (0.1.7.Binary)

DEPENDENCIES:
  - ABC (from `../`)

EXTERNAL SOURCES:
  ABC:
    :path: "../"

SPEC CHECKSUMS:
  ABC: 3824093e5b2ad2372812b7b6e2903f1a9e4c6f0f

PODFILE CHECKSUM: 362039fb2ebe740d73b4e2ff2ae03d4ceea3b1a4

COCOAPODS: 1.10.0
