PODS:
  - ABC (0.1.6):
    - ABC/Framework (= 0.1.6)
  - ABC/Framework (0.1.6)

DEPENDENCIES:
  - ABC (from `../`)

EXTERNAL SOURCES:
  ABC:
    :path: "../"

SPEC CHECKSUMS:
  ABC: 55a6f62ec16b1b7b22dfe4b8afffa9bd1947c0c6

PODFILE CHECKSUM: 362039fb2ebe740d73b4e2ff2ae03d4ceea3b1a4

COCOAPODS: 1.10.0
